
Microsoft Visual Studio Solution File, Format Version 12.00
# Visual Studio Version 17
VisualStudioVersion = 17.4.33122.133
MinimumVisualStudioVersion = 10.0.40219.1
Project("{9A19103F-16F7-4668-BE54-9A1E7A4F7556}") = "Application", "Application\Application.csproj", "{B5370B11-28D9-44F8-992B-296CD285FDAE}"
EndProject
Project("{9A19103F-16F7-4668-BE54-9A1E7A4F7556}") = "Blockchain", "Blockchain\Blockchain.csproj", "{33C70CB7-56CE-462A-A604-A06CB7B7EE97}"
EndProject
Project("{2150E333-8FDC-42A3-9474-1A3956D46DE8}") = "Test", "Test", "{3A6FE458-C429-4740-A043-E79A23495CD4}"
EndProject
Project("{9A19103F-16F7-4668-BE54-9A1E7A4F7556}") = "Blockchain.Test", "Test\Blockchain.Test\Blockchain.Test.csproj", "{F1D0D06E-F5D5-4358-9526-CB9BFA36CCA3}"
EndProject
Project("{9A19103F-16F7-4668-BE54-9A1E7A4F7556}") = "Networking", "Networking\Networking.csproj", "{C135A124-70C1-42C4-B330-989B0FBCD214}"
EndProject
Project("{9A19103F-16F7-4668-BE54-9A1E7A4F7556}") = "Networking.Test", "Test\Networking.Test\Networking.Test.csproj", "{D79F21BC-24D1-49A5-87B4-E28B49972A38}"
EndProject
Project("{9A19103F-16F7-4668-BE54-9A1E7A4F7556}") = "TestUtils", "Test\TestUtils\TestUtils.csproj", "{3EF11FEC-57DC-4366-A08E-7DECE4F4F1F4}"
EndProject
Project("{9A19103F-16F7-4668-BE54-9A1E7A4F7556}") = "Application.Test", "Test\Application.Test\Application.Test.csproj", "{CD7899B1-7FFD-425E-B68A-1516671D46AC}"
EndProject
Global
	GlobalSection(SolutionConfigurationPlatforms) = preSolution
		Debug|Any CPU = Debug|Any CPU
		Release|Any CPU = Release|Any CPU
	EndGlobalSection
	GlobalSection(ProjectConfigurationPlatforms) = postSolution
		{B5370B11-28D9-44F8-992B-296CD285FDAE}.Debug|Any CPU.ActiveCfg = Debug|Any CPU
		{B5370B11-28D9-44F8-992B-296CD285FDAE}.Debug|Any CPU.Build.0 = Debug|Any CPU
		{B5370B11-28D9-44F8-992B-296CD285FDAE}.Release|Any CPU.ActiveCfg = Release|Any CPU
		{B5370B11-28D9-44F8-992B-296CD285FDAE}.Release|Any CPU.Build.0 = Release|Any CPU
		{33C70CB7-56CE-462A-A604-A06CB7B7EE97}.Debug|Any CPU.ActiveCfg = Debug|Any CPU
		{33C70CB7-56CE-462A-A604-A06CB7B7EE97}.Debug|Any CPU.Build.0 = Debug|Any CPU
		{33C70CB7-56CE-462A-A604-A06CB7B7EE97}.Release|Any CPU.ActiveCfg = Release|Any CPU
		{33C70CB7-56CE-462A-A604-A06CB7B7EE97}.Release|Any CPU.Build.0 = Release|Any CPU
		{F1D0D06E-F5D5-4358-9526-CB9BFA36CCA3}.Debug|Any CPU.ActiveCfg = Debug|Any CPU
		{F1D0D06E-F5D5-4358-9526-CB9BFA36CCA3}.Debug|Any CPU.Build.0 = Debug|Any CPU
		{F1D0D06E-F5D5-4358-9526-CB9BFA36CCA3}.Release|Any CPU.ActiveCfg = Release|Any CPU
		{F1D0D06E-F5D5-4358-9526-CB9BFA36CCA3}.Release|Any CPU.Build.0 = Release|Any CPU
		{C135A124-70C1-42C4-B330-989B0FBCD214}.Debug|Any CPU.ActiveCfg = Debug|Any CPU
		{C135A124-70C1-42C4-B330-989B0FBCD214}.Debug|Any CPU.Build.0 = Debug|Any CPU
		{C135A124-70C1-42C4-B330-989B0FBCD214}.Release|Any CPU.ActiveCfg = Release|Any CPU
		{C135A124-70C1-42C4-B330-989B0FBCD214}.Release|Any CPU.Build.0 = Release|Any CPU
		{D79F21BC-24D1-49A5-87B4-E28B49972A38}.Debug|Any CPU.ActiveCfg = Debug|Any CPU
		{D79F21BC-24D1-49A5-87B4-E28B49972A38}.Debug|Any CPU.Build.0 = Debug|Any CPU
		{D79F21BC-24D1-49A5-87B4-E28B49972A38}.Release|Any CPU.ActiveCfg = Release|Any CPU
		{D79F21BC-24D1-49A5-87B4-E28B49972A38}.Release|Any CPU.Build.0 = Release|Any CPU
		{3EF11FEC-57DC-4366-A08E-7DECE4F4F1F4}.Debug|Any CPU.ActiveCfg = Debug|Any CPU
		{3EF11FEC-57DC-4366-A08E-7DECE4F4F1F4}.Debug|Any CPU.Build.0 = Debug|Any CPU
		{3EF11FEC-57DC-4366-A08E-7DECE4F4F1F4}.Release|Any CPU.ActiveCfg = Release|Any CPU
		{3EF11FEC-57DC-4366-A08E-7DECE4F4F1F4}.Release|Any CPU.Build.0 = Release|Any CPU
		{CD7899B1-7FFD-425E-B68A-1516671D46AC}.Debug|Any CPU.ActiveCfg = Debug|Any CPU
		{CD7899B1-7FFD-425E-B68A-1516671D46AC}.Debug|Any CPU.Build.0 = Debug|Any CPU
		{CD7899B1-7FFD-425E-B68A-1516671D46AC}.Release|Any CPU.ActiveCfg = Release|Any CPU
		{CD7899B1-7FFD-425E-B68A-1516671D46AC}.Release|Any CPU.Build.0 = Release|Any CPU
	EndGlobalSection
	GlobalSection(SolutionProperties) = preSolution
		HideSolutionNode = FALSE
	EndGlobalSection
	GlobalSection(NestedProjects) = preSolution
		{F1D0D06E-F5D5-4358-9526-CB9BFA36CCA3} = {3A6FE458-C429-4740-A043-E79A23495CD4}
		{D79F21BC-24D1-49A5-87B4-E28B49972A38} = {3A6FE458-C429-4740-A043-E79A23495CD4}
		{3EF11FEC-57DC-4366-A08E-7DECE4F4F1F4} = {3A6FE458-C429-4740-A043-E79A23495CD4}
		{CD7899B1-7FFD-425E-B68A-1516671D46AC} = {3A6FE458-C429-4740-A043-E79A23495CD4}
	EndGlobalSection
	GlobalSection(ExtensibilityGlobals) = postSolution
		SolutionGuid = {C03B353C-B5AE-4C5B-BD44-48B0622822A6}
	EndGlobalSection
EndGlobal
